
Microsoft Visual Studio Solution File, Format Version 12.00
# Visual Studio Version 16
VisualStudioVersion = 16.0.31515.178
MinimumVisualStudioVersion = 10.0.40219.1
Project("{9A19103F-16F7-4668-BE54-9A1E7A4F7556}") = "PaginationTest.Shared", "PaginationTest.Shared\PaginationTest.Shared.csproj", "{F0C78715-73F5-43E8-8A4A-9489C20A880E}"
EndProject
Project("{9A19103F-16F7-4668-BE54-9A1E7A4F7556}") = "PaginationTest.Client", "PaginationTest.Client\PaginationTest.Client.csproj", "{DB2FBADA-D099-4A95-8CEC-F41238007312}"
EndProject
Project("{9A19103F-16F7-4668-BE54-9A1E7A4F7556}") = "PaginationTest.Server", "PaginationTest.Server\PaginationTest.Server.csproj", "{9FF3BCC1-AAD3-486E-A214-1178C9765A5B}"
EndProject
Project("{9A19103F-16F7-4668-BE54-9A1E7A4F7556}") = "PaginationTest.DemoDataSet", "PaginationTest.DemoDataSet\PaginationTest.DemoDataSet.csproj", "{A333869B-C6CE-4247-9E55-4B1ECF7FB438}"
EndProject
Project("{9A19103F-16F7-4668-BE54-9A1E7A4F7556}") = "PaginationTest.Shared_Tests", "PaginationTest.Shared_Tests\PaginationTest.Shared_Tests.csproj", "{ED19CCFB-FA4E-419E-972C-8F77D0B737CD}"
EndProject
Project("{9A19103F-16F7-4668-BE54-9A1E7A4F7556}") = "PaginationTest.DemoDataSet_Tests", "PaginationTest.DemoDataSet_Tests\PaginationTest.DemoDataSet_Tests.csproj", "{CEAD2D18-1806-41E2-98B4-1FAC9A2BC6B1}"
EndProject
Project("{9A19103F-16F7-4668-BE54-9A1E7A4F7556}") = "PaginationTest.CosmonautDataSet", "PaginationTest.CosmonautDataSet\PaginationTest.CosmonautDataSet.csproj", "{28AD80B7-6FB9-4729-A937-C3C240994E1F}"
EndProject
Global
	GlobalSection(SolutionConfigurationPlatforms) = preSolution
		Debug|Any CPU = Debug|Any CPU
		Release|Any CPU = Release|Any CPU
	EndGlobalSection
	GlobalSection(ProjectConfigurationPlatforms) = postSolution
		{F0C78715-73F5-43E8-8A4A-9489C20A880E}.Debug|Any CPU.ActiveCfg = Debug|Any CPU
		{F0C78715-73F5-43E8-8A4A-9489C20A880E}.Debug|Any CPU.Build.0 = Debug|Any CPU
		{F0C78715-73F5-43E8-8A4A-9489C20A880E}.Release|Any CPU.ActiveCfg = Release|Any CPU
		{F0C78715-73F5-43E8-8A4A-9489C20A880E}.Release|Any CPU.Build.0 = Release|Any CPU
		{DB2FBADA-D099-4A95-8CEC-F41238007312}.Debug|Any CPU.ActiveCfg = Debug|Any CPU
		{DB2FBADA-D099-4A95-8CEC-F41238007312}.Debug|Any CPU.Build.0 = Debug|Any CPU
		{DB2FBADA-D099-4A95-8CEC-F41238007312}.Release|Any CPU.ActiveCfg = Release|Any CPU
		{DB2FBADA-D099-4A95-8CEC-F41238007312}.Release|Any CPU.Build.0 = Release|Any CPU
		{9FF3BCC1-AAD3-486E-A214-1178C9765A5B}.Debug|Any CPU.ActiveCfg = Debug|Any CPU
		{9FF3BCC1-AAD3-486E-A214-1178C9765A5B}.Debug|Any CPU.Build.0 = Debug|Any CPU
		{9FF3BCC1-AAD3-486E-A214-1178C9765A5B}.Release|Any CPU.ActiveCfg = Release|Any CPU
		{9FF3BCC1-AAD3-486E-A214-1178C9765A5B}.Release|Any CPU.Build.0 = Release|Any CPU
		{A333869B-C6CE-4247-9E55-4B1ECF7FB438}.Debug|Any CPU.ActiveCfg = Debug|Any CPU
		{A333869B-C6CE-4247-9E55-4B1ECF7FB438}.Debug|Any CPU.Build.0 = Debug|Any CPU
		{A333869B-C6CE-4247-9E55-4B1ECF7FB438}.Release|Any CPU.ActiveCfg = Release|Any CPU
		{A333869B-C6CE-4247-9E55-4B1ECF7FB438}.Release|Any CPU.Build.0 = Release|Any CPU
		{ED19CCFB-FA4E-419E-972C-8F77D0B737CD}.Debug|Any CPU.ActiveCfg = Debug|Any CPU
		{ED19CCFB-FA4E-419E-972C-8F77D0B737CD}.Debug|Any CPU.Build.0 = Debug|Any CPU
		{ED19CCFB-FA4E-419E-972C-8F77D0B737CD}.Release|Any CPU.ActiveCfg = Release|Any CPU
		{ED19CCFB-FA4E-419E-972C-8F77D0B737CD}.Release|Any CPU.Build.0 = Release|Any CPU
		{CEAD2D18-1806-41E2-98B4-1FAC9A2BC6B1}.Debug|Any CPU.ActiveCfg = Debug|Any CPU
		{CEAD2D18-1806-41E2-98B4-1FAC9A2BC6B1}.Debug|Any CPU.Build.0 = Debug|Any CPU
		{CEAD2D18-1806-41E2-98B4-1FAC9A2BC6B1}.Release|Any CPU.ActiveCfg = Release|Any CPU
		{CEAD2D18-1806-41E2-98B4-1FAC9A2BC6B1}.Release|Any CPU.Build.0 = Release|Any CPU
		{28AD80B7-6FB9-4729-A937-C3C240994E1F}.Debug|Any CPU.ActiveCfg = Debug|Any CPU
		{28AD80B7-6FB9-4729-A937-C3C240994E1F}.Debug|Any CPU.Build.0 = Debug|Any CPU
		{28AD80B7-6FB9-4729-A937-C3C240994E1F}.Release|Any CPU.ActiveCfg = Release|Any CPU
		{28AD80B7-6FB9-4729-A937-C3C240994E1F}.Release|Any CPU.Build.0 = Release|Any CPU
	EndGlobalSection
	GlobalSection(SolutionProperties) = preSolution
		HideSolutionNode = FALSE
	EndGlobalSection
	GlobalSection(ExtensibilityGlobals) = postSolution
		SolutionGuid = {D4C82400-69C1-4C77-8411-54B0A6D4ECE1}
	EndGlobalSection
EndGlobal
